// !$*UTF8*$!
{
	archiveVersion = 1;
	classes = {
	};
	objectVersion = 50;
	objects = {

/* Begin PBXBuildFile section */
		044A978924A2778300234890 /* landmarkData.json in Resources */ = {isa = PBXBuildFile; fileRef = 044A978624A2775800234890 /* landmarkData.json */; };
		044A978A24A2785300234890 /* Landmark.swift in Sources */ = {isa = PBXBuildFile; fileRef = 04C1337C24A2712A003242DF /* Landmark.swift */; };
		044A978F24A27CA800234890 /* LandmarkRow.swift in Sources */ = {isa = PBXBuildFile; fileRef = 04EDF8E024A27390009BF44E /* LandmarkRow.swift */; };
		044A979024A281FD00234890 /* Data.swift in Sources */ = {isa = PBXBuildFile; fileRef = 044A978D24A27C8E00234890 /* Data.swift */; };
		044A979224A2841C00234890 /* chincoteague.jpg in Resources */ = {isa = PBXBuildFile; fileRef = 044A979124A2841C00234890 /* chincoteague.jpg */; };
		044A979424A2842D00234890 /* turtlerock.jpg in Resources */ = {isa = PBXBuildFile; fileRef = 044A979324A2842D00234890 /* turtlerock.jpg */; };
		044A979F24A2846A00234890 /* twinlake.jpg in Resources */ = {isa = PBXBuildFile; fileRef = 044A979524A2846A00234890 /* twinlake.jpg */; };
		044A97A024A2846A00234890 /* chilkoottrail.jpg in Resources */ = {isa = PBXBuildFile; fileRef = 044A979624A2846A00234890 /* chilkoottrail.jpg */; };
		044A97A124A2846A00234890 /* rainbowlake.jpg in Resources */ = {isa = PBXBuildFile; fileRef = 044A979724A2846A00234890 /* rainbowlake.jpg */; };
		044A97A224A2846A00234890 /* icybay.jpg in Resources */ = {isa = PBXBuildFile; fileRef = 044A979824A2846A00234890 /* icybay.jpg */; };
		044A97A324A2846A00234890 /* hiddenlake.jpg in Resources */ = {isa = PBXBuildFile; fileRef = 044A979924A2846A00234890 /* hiddenlake.jpg */; };
		044A97A424A2846A00234890 /* yukon_charleyrivers.jpg in Resources */ = {isa = PBXBuildFile; fileRef = 044A979A24A2846A00234890 /* yukon_charleyrivers.jpg */; };
		044A97A524A2846A00234890 /* stmarylake.jpg in Resources */ = {isa = PBXBuildFile; fileRef = 044A979B24A2846A00234890 /* stmarylake.jpg */; };
		044A97A624A2846A00234890 /* umbagog.jpg in Resources */ = {isa = PBXBuildFile; fileRef = 044A979C24A2846A00234890 /* umbagog.jpg */; };
		044A97A724A2846A00234890 /* lakemcdonald.jpg in Resources */ = {isa = PBXBuildFile; fileRef = 044A979D24A2846A00234890 /* lakemcdonald.jpg */; };
		044A97A824A2846A00234890 /* silversalmoncreek.jpg in Resources */ = {isa = PBXBuildFile; fileRef = 044A979E24A2846A00234890 /* silversalmoncreek.jpg */; };
		044A97AC24A6005700234890 /* LandmarkList.swift in Sources */ = {isa = PBXBuildFile; fileRef = 044A97AB24A6005700234890 /* LandmarkList.swift */; };
		044EAB2C24B602B20057AD77 /* userData.swift in Sources */ = {isa = PBXBuildFile; fileRef = 044EAB2B24B602B20057AD77 /* userData.swift */; };
		04BA301E248CDBB20042A1E1 /* AppDelegate.swift in Sources */ = {isa = PBXBuildFile; fileRef = 04BA301D248CDBB20042A1E1 /* AppDelegate.swift */; };
		04BA3020248CDBB20042A1E1 /* SceneDelegate.swift in Sources */ = {isa = PBXBuildFile; fileRef = 04BA301F248CDBB20042A1E1 /* SceneDelegate.swift */; };
		04BA3024248CDBB40042A1E1 /* Assets.xcassets in Resources */ = {isa = PBXBuildFile; fileRef = 04BA3023248CDBB40042A1E1 /* Assets.xcassets */; };
		04BA3027248CDBB40042A1E1 /* Preview Assets.xcassets in Resources */ = {isa = PBXBuildFile; fileRef = 04BA3026248CDBB40042A1E1 /* Preview Assets.xcassets */; };
		04BA302A248CDBB40042A1E1 /* LaunchScreen.storyboard in Resources */ = {isa = PBXBuildFile; fileRef = 04BA3028248CDBB40042A1E1 /* LaunchScreen.storyboard */; };
		04BA3035248CDBB50042A1E1 /* LandmarksTests.swift in Sources */ = {isa = PBXBuildFile; fileRef = 04BA3034248CDBB50042A1E1 /* LandmarksTests.swift */; };
		04BA3040248CDBB50042A1E1 /* LandmarksUITests.swift in Sources */ = {isa = PBXBuildFile; fileRef = 04BA303F248CDBB50042A1E1 /* LandmarksUITests.swift */; };
		04C1337124A01998003242DF /* CircleImage.swift in Sources */ = {isa = PBXBuildFile; fileRef = 04C1337024A01998003242DF /* CircleImage.swift */; };
		04C1337324A0FC79003242DF /* MapView.swift in Sources */ = {isa = PBXBuildFile; fileRef = 04C1337224A0FC79003242DF /* MapView.swift */; };
		04C1337A24A203F3003242DF /* LandmarkDetail.swift in Sources */ = {isa = PBXBuildFile; fileRef = 04BA3021248CDBB20042A1E1 /* LandmarkDetail.swift */; };
/* End PBXBuildFile section */

/* Begin PBXContainerItemProxy section */
		04BA3031248CDBB50042A1E1 /* PBXContainerItemProxy */ = {
			isa = PBXContainerItemProxy;
			containerPortal = 04BA3012248CDBB20042A1E1 /* Project object */;
			proxyType = 1;
			remoteGlobalIDString = 04BA3019248CDBB20042A1E1;
			remoteInfo = Landmarks;
		};
		04BA303C248CDBB50042A1E1 /* PBXContainerItemProxy */ = {
			isa = PBXContainerItemProxy;
			containerPortal = 04BA3012248CDBB20042A1E1 /* Project object */;
			proxyType = 1;
			remoteGlobalIDString = 04BA3019248CDBB20042A1E1;
			remoteInfo = Landmarks;
		};
/* End PBXContainerItemProxy section */

/* Begin PBXFileReference section */
		044A978624A2775800234890 /* landmarkData.json */ = {isa = PBXFileReference; lastKnownFileType = text.json; path = landmarkData.json; sourceTree = "<group>"; };
		044A978D24A27C8E00234890 /* Data.swift */ = {isa = PBXFileReference; lastKnownFileType = sourcecode.swift; path = Data.swift; sourceTree = "<group>"; };
		044A979124A2841C00234890 /* chincoteague.jpg */ = {isa = PBXFileReference; lastKnownFileType = image.jpeg; path = chincoteague.jpg; sourceTree = "<group>"; };
		044A979324A2842D00234890 /* turtlerock.jpg */ = {isa = PBXFileReference; lastKnownFileType = image.jpeg; path = turtlerock.jpg; sourceTree = "<group>"; };
		044A979524A2846A00234890 /* twinlake.jpg */ = {isa = PBXFileReference; lastKnownFileType = image.jpeg; path = twinlake.jpg; sourceTree = "<group>"; };
		044A979624A2846A00234890 /* chilkoottrail.jpg */ = {isa = PBXFileReference; lastKnownFileType = image.jpeg; path = chilkoottrail.jpg; sourceTree = "<group>"; };
		044A979724A2846A00234890 /* rainbowlake.jpg */ = {isa = PBXFileReference; lastKnownFileType = image.jpeg; path = rainbowlake.jpg; sourceTree = "<group>"; };
		044A979824A2846A00234890 /* icybay.jpg */ = {isa = PBXFileReference; lastKnownFileType = image.jpeg; path = icybay.jpg; sourceTree = "<group>"; };
		044A979924A2846A00234890 /* hiddenlake.jpg */ = {isa = PBXFileReference; lastKnownFileType = image.jpeg; path = hiddenlake.jpg; sourceTree = "<group>"; };
		044A979A24A2846A00234890 /* yukon_charleyrivers.jpg */ = {isa = PBXFileReference; lastKnownFileType = image.jpeg; path = yukon_charleyrivers.jpg; sourceTree = "<group>"; };
		044A979B24A2846A00234890 /* stmarylake.jpg */ = {isa = PBXFileReference; lastKnownFileType = image.jpeg; path = stmarylake.jpg; sourceTree = "<group>"; };
		044A979C24A2846A00234890 /* umbagog.jpg */ = {isa = PBXFileReference; lastKnownFileType = image.jpeg; path = umbagog.jpg; sourceTree = "<group>"; };
		044A979D24A2846A00234890 /* lakemcdonald.jpg */ = {isa = PBXFileReference; lastKnownFileType = image.jpeg; path = lakemcdonald.jpg; sourceTree = "<group>"; };
		044A979E24A2846A00234890 /* silversalmoncreek.jpg */ = {isa = PBXFileReference; lastKnownFileType = image.jpeg; path = silversalmoncreek.jpg; sourceTree = "<group>"; };
		044A97AB24A6005700234890 /* LandmarkList.swift */ = {isa = PBXFileReference; lastKnownFileType = sourcecode.swift; path = LandmarkList.swift; sourceTree = "<group>"; };
		044EAB2B24B602B20057AD77 /* userData.swift */ = {isa = PBXFileReference; lastKnownFileType = sourcecode.swift; path = userData.swift; sourceTree = "<group>"; };
		04BA301A248CDBB20042A1E1 /* Landmarks.app */ = {isa = PBXFileReference; explicitFileType = wrapper.application; includeInIndex = 0; path = Landmarks.app; sourceTree = BUILT_PRODUCTS_DIR; };
		04BA301D248CDBB20042A1E1 /* AppDelegate.swift */ = {isa = PBXFileReference; lastKnownFileType = sourcecode.swift; path = AppDelegate.swift; sourceTree = "<group>"; };
		04BA301F248CDBB20042A1E1 /* SceneDelegate.swift */ = {isa = PBXFileReference; lastKnownFileType = sourcecode.swift; path = SceneDelegate.swift; sourceTree = "<group>"; };
		04BA3021248CDBB20042A1E1 /* LandmarkDetail.swift */ = {isa = PBXFileReference; lastKnownFileType = sourcecode.swift; path = LandmarkDetail.swift; sourceTree = "<group>"; };
		04BA3023248CDBB40042A1E1 /* Assets.xcassets */ = {isa = PBXFileReference; lastKnownFileType = folder.assetcatalog; path = Assets.xcassets; sourceTree = "<group>"; };
		04BA3026248CDBB40042A1E1 /* Preview Assets.xcassets */ = {isa = PBXFileReference; lastKnownFileType = folder.assetcatalog; path = "Preview Assets.xcassets"; sourceTree = "<group>"; };
		04BA3029248CDBB40042A1E1 /* Base */ = {isa = PBXFileReference; lastKnownFileType = file.storyboard; name = Base; path = Base.lproj/LaunchScreen.storyboard; sourceTree = "<group>"; };
		04BA302B248CDBB40042A1E1 /* Info.plist */ = {isa = PBXFileReference; lastKnownFileType = text.plist.xml; path = Info.plist; sourceTree = "<group>"; };
		04BA3030248CDBB50042A1E1 /* LandmarksTests.xctest */ = {isa = PBXFileReference; explicitFileType = wrapper.cfbundle; includeInIndex = 0; path = LandmarksTests.xctest; sourceTree = BUILT_PRODUCTS_DIR; };
		04BA3034248CDBB50042A1E1 /* LandmarksTests.swift */ = {isa = PBXFileReference; lastKnownFileType = sourcecode.swift; path = LandmarksTests.swift; sourceTree = "<group>"; };
		04BA3036248CDBB50042A1E1 /* Info.plist */ = {isa = PBXFileReference; lastKnownFileType = text.plist.xml; path = Info.plist; sourceTree = "<group>"; };
		04BA303B248CDBB50042A1E1 /* LandmarksUITests.xctest */ = {isa = PBXFileReference; explicitFileType = wrapper.cfbundle; includeInIndex = 0; path = LandmarksUITests.xctest; sourceTree = BUILT_PRODUCTS_DIR; };
		04BA303F248CDBB50042A1E1 /* LandmarksUITests.swift */ = {isa = PBXFileReference; lastKnownFileType = sourcecode.swift; path = LandmarksUITests.swift; sourceTree = "<group>"; };
		04BA3041248CDBB50042A1E1 /* Info.plist */ = {isa = PBXFileReference; lastKnownFileType = text.plist.xml; path = Info.plist; sourceTree = "<group>"; };
		04C1337024A01998003242DF /* CircleImage.swift */ = {isa = PBXFileReference; lastKnownFileType = sourcecode.swift; path = CircleImage.swift; sourceTree = "<group>"; };
		04C1337224A0FC79003242DF /* MapView.swift */ = {isa = PBXFileReference; lastKnownFileType = sourcecode.swift; path = MapView.swift; sourceTree = "<group>"; };
		04C1337C24A2712A003242DF /* Landmark.swift */ = {isa = PBXFileReference; lastKnownFileType = sourcecode.swift; path = Landmark.swift; sourceTree = "<group>"; };
		04EDF8E024A27390009BF44E /* LandmarkRow.swift */ = {isa = PBXFileReference; lastKnownFileType = sourcecode.swift; name = LandmarkRow.swift; path = Landmarks/LandmarkRow.swift; sourceTree = SOURCE_ROOT; };
/* End PBXFileReference section */

/* Begin PBXFrameworksBuildPhase section */
		04BA3017248CDBB20042A1E1 /* Frameworks */ = {
			isa = PBXFrameworksBuildPhase;
			buildActionMask = 2147483647;
			files = (
			);
			runOnlyForDeploymentPostprocessing = 0;
		};
		04BA302D248CDBB50042A1E1 /* Frameworks */ = {
			isa = PBXFrameworksBuildPhase;
			buildActionMask = 2147483647;
			files = (
			);
			runOnlyForDeploymentPostprocessing = 0;
		};
		04BA3038248CDBB50042A1E1 /* Frameworks */ = {
			isa = PBXFrameworksBuildPhase;
			buildActionMask = 2147483647;
			files = (
			);
			runOnlyForDeploymentPostprocessing = 0;
		};
/* End PBXFrameworksBuildPhase section */

/* Begin PBXGroup section */
		04BA3011248CDBB20042A1E1 = {
			isa = PBXGroup;
			children = (
				04BA301C248CDBB20042A1E1 /* Landmarks */,
				04BA3033248CDBB50042A1E1 /* LandmarksTests */,
				04BA303E248CDBB50042A1E1 /* LandmarksUITests */,
				04BA301B248CDBB20042A1E1 /* Products */,
			);
			sourceTree = "<group>";
		};
		04BA301B248CDBB20042A1E1 /* Products */ = {
			isa = PBXGroup;
			children = (
				04BA301A248CDBB20042A1E1 /* Landmarks.app */,
				04BA3030248CDBB50042A1E1 /* LandmarksTests.xctest */,
				04BA303B248CDBB50042A1E1 /* LandmarksUITests.xctest */,
			);
			name = Products;
			sourceTree = "<group>";
		};
		04BA301C248CDBB20042A1E1 /* Landmarks */ = {
			isa = PBXGroup;
			children = (
				04EDF8DF24A2730C009BF44E /* Resources */,
				04C1337B24A27104003242DF /* Models */,
				04BA301D248CDBB20042A1E1 /* AppDelegate.swift */,
				04BA301F248CDBB20042A1E1 /* SceneDelegate.swift */,
				044A97AB24A6005700234890 /* LandmarkList.swift */,
				044EAB2B24B602B20057AD77 /* userData.swift */,
				04BA3021248CDBB20042A1E1 /* LandmarkDetail.swift */,
				04C1337924A14B15003242DF /* Supporting Views */,
				04BA3023248CDBB40042A1E1 /* Assets.xcassets */,
				04BA3028248CDBB40042A1E1 /* LaunchScreen.storyboard */,
				04BA302B248CDBB40042A1E1 /* Info.plist */,
				04BA3025248CDBB40042A1E1 /* Preview Content */,
			);
			path = Landmarks;
			sourceTree = "<group>";
		};
		04BA3025248CDBB40042A1E1 /* Preview Content */ = {
			isa = PBXGroup;
			children = (
				04BA3026248CDBB40042A1E1 /* Preview Assets.xcassets */,
			);
			path = "Preview Content";
			sourceTree = "<group>";
		};
		04BA3033248CDBB50042A1E1 /* LandmarksTests */ = {
			isa = PBXGroup;
			children = (
				04BA3034248CDBB50042A1E1 /* LandmarksTests.swift */,
				04BA3036248CDBB50042A1E1 /* Info.plist */,
			);
			path = LandmarksTests;
			sourceTree = "<group>";
		};
		04BA303E248CDBB50042A1E1 /* LandmarksUITests */ = {
			isa = PBXGroup;
			children = (
				04BA303F248CDBB50042A1E1 /* LandmarksUITests.swift */,
				04BA3041248CDBB50042A1E1 /* Info.plist */,
			);
			path = LandmarksUITests;
			sourceTree = "<group>";
		};
		04C1337924A14B15003242DF /* Supporting Views */ = {
			isa = PBXGroup;
			children = (
				04EDF8E024A27390009BF44E /* LandmarkRow.swift */,
				04C1337224A0FC79003242DF /* MapView.swift */,
				04C1337024A01998003242DF /* CircleImage.swift */,
			);
			path = "Supporting Views";
			sourceTree = "<group>";
		};
		04C1337B24A27104003242DF /* Models */ = {
			isa = PBXGroup;
			children = (
				04C1337C24A2712A003242DF /* Landmark.swift */,
				044A978D24A27C8E00234890 /* Data.swift */,
			);
			path = Models;
			sourceTree = "<group>";
		};
		04EDF8DF24A2730C009BF44E /* Resources */ = {
			isa = PBXGroup;
			children = (
				044A979124A2841C00234890 /* chincoteague.jpg */,
				044A978624A2775800234890 /* landmarkData.json */,
				044A979324A2842D00234890 /* turtlerock.jpg */,
				044A979624A2846A00234890 /* chilkoottrail.jpg */,
				044A979924A2846A00234890 /* hiddenlake.jpg */,
				044A979824A2846A00234890 /* icybay.jpg */,
				044A979D24A2846A00234890 /* lakemcdonald.jpg */,
				044A979724A2846A00234890 /* rainbowlake.jpg */,
				044A979E24A2846A00234890 /* silversalmoncreek.jpg */,
				044A979B24A2846A00234890 /* stmarylake.jpg */,
				044A979524A2846A00234890 /* twinlake.jpg */,
				044A979C24A2846A00234890 /* umbagog.jpg */,
				044A979A24A2846A00234890 /* yukon_charleyrivers.jpg */,
			);
			path = Resources;
			sourceTree = "<group>";
		};
/* End PBXGroup section */

/* Begin PBXNativeTarget section */
		04BA3019248CDBB20042A1E1 /* Landmarks */ = {
			isa = PBXNativeTarget;
			buildConfigurationList = 04BA3044248CDBB50042A1E1 /* Build configuration list for PBXNativeTarget "Landmarks" */;
			buildPhases = (
				04BA3016248CDBB20042A1E1 /* Sources */,
				04BA3017248CDBB20042A1E1 /* Frameworks */,
				04BA3018248CDBB20042A1E1 /* Resources */,
			);
			buildRules = (
			);
			dependencies = (
			);
			name = Landmarks;
			productName = Landmarks;
			productReference = 04BA301A248CDBB20042A1E1 /* Landmarks.app */;
			productType = "com.apple.product-type.application";
		};
		04BA302F248CDBB50042A1E1 /* LandmarksTests */ = {
			isa = PBXNativeTarget;
			buildConfigurationList = 04BA3047248CDBB50042A1E1 /* Build configuration list for PBXNativeTarget "LandmarksTests" */;
			buildPhases = (
				04BA302C248CDBB50042A1E1 /* Sources */,
				04BA302D248CDBB50042A1E1 /* Frameworks */,
				04BA302E248CDBB50042A1E1 /* Resources */,
			);
			buildRules = (
			);
			dependencies = (
				04BA3032248CDBB50042A1E1 /* PBXTargetDependency */,
			);
			name = LandmarksTests;
			productName = LandmarksTests;
			productReference = 04BA3030248CDBB50042A1E1 /* LandmarksTests.xctest */;
			productType = "com.apple.product-type.bundle.unit-test";
		};
		04BA303A248CDBB50042A1E1 /* LandmarksUITests */ = {
			isa = PBXNativeTarget;
			buildConfigurationList = 04BA304A248CDBB50042A1E1 /* Build configuration list for PBXNativeTarget "LandmarksUITests" */;
			buildPhases = (
				04BA3037248CDBB50042A1E1 /* Sources */,
				04BA3038248CDBB50042A1E1 /* Frameworks */,
				04BA3039248CDBB50042A1E1 /* Resources */,
			);
			buildRules = (
			);
			dependencies = (
				04BA303D248CDBB50042A1E1 /* PBXTargetDependency */,
			);
			name = LandmarksUITests;
			productName = LandmarksUITests;
			productReference = 04BA303B248CDBB50042A1E1 /* LandmarksUITests.xctest */;
			productType = "com.apple.product-type.bundle.ui-testing";
		};
/* End PBXNativeTarget section */

/* Begin PBXProject section */
		04BA3012248CDBB20042A1E1 /* Project object */ = {
			isa = PBXProject;
			attributes = {
				LastSwiftUpdateCheck = 1110;
				LastUpgradeCheck = 1110;
				ORGANIZATIONNAME = Mopilo;
				TargetAttributes = {
					04BA3019248CDBB20042A1E1 = {
						CreatedOnToolsVersion = 11.1;
					};
					04BA302F248CDBB50042A1E1 = {
						CreatedOnToolsVersion = 11.1;
						TestTargetID = 04BA3019248CDBB20042A1E1;
					};
					04BA303A248CDBB50042A1E1 = {
						CreatedOnToolsVersion = 11.1;
						TestTargetID = 04BA3019248CDBB20042A1E1;
					};
				};
			};
			buildConfigurationList = 04BA3015248CDBB20042A1E1 /* Build configuration list for PBXProject "Landmarks" */;
			compatibilityVersion = "Xcode 9.3";
			developmentRegion = en;
			hasScannedForEncodings = 0;
			knownRegions = (
				en,
				Base,
			);
			mainGroup = 04BA3011248CDBB20042A1E1;
			productRefGroup = 04BA301B248CDBB20042A1E1 /* Products */;
			projectDirPath = "";
			projectRoot = "";
			targets = (
				04BA3019248CDBB20042A1E1 /* Landmarks */,
				04BA302F248CDBB50042A1E1 /* LandmarksTests */,
				04BA303A248CDBB50042A1E1 /* LandmarksUITests */,
			);
		};
/* End PBXProject section */

/* Begin PBXResourcesBuildPhase section */
		04BA3018248CDBB20042A1E1 /* Resources */ = {
			isa = PBXResourcesBuildPhase;
			buildActionMask = 2147483647;
			files = (
				04BA302A248CDBB40042A1E1 /* LaunchScreen.storyboard in Resources */,
				044A97A024A2846A00234890 /* chilkoottrail.jpg in Resources */,
				044A97A624A2846A00234890 /* umbagog.jpg in Resources */,
				044A978924A2778300234890 /* landmarkData.json in Resources */,
				044A97A524A2846A00234890 /* stmarylake.jpg in Resources */,
				044A979424A2842D00234890 /* turtlerock.jpg in Resources */,
				044A97A724A2846A00234890 /* lakemcdonald.jpg in Resources */,
				04BA3027248CDBB40042A1E1 /* Preview Assets.xcassets in Resources */,
				044A97A324A2846A00234890 /* hiddenlake.jpg in Resources */,
				044A979F24A2846A00234890 /* twinlake.jpg in Resources */,
				04BA3024248CDBB40042A1E1 /* Assets.xcassets in Resources */,
				044A97A124A2846A00234890 /* rainbowlake.jpg in Resources */,
				044A97A224A2846A00234890 /* icybay.jpg in Resources */,
				044A97A824A2846A00234890 /* silversalmoncreek.jpg in Resources */,
				044A97A424A2846A00234890 /* yukon_charleyrivers.jpg in Resources */,
				044A979224A2841C00234890 /* chincoteague.jpg in Resources */,
			);
			runOnlyForDeploymentPostprocessing = 0;
		};
		04BA302E248CDBB50042A1E1 /* Resources */ = {
			isa = PBXResourcesBuildPhase;
			buildActionMask = 2147483647;
			files = (
			);
			runOnlyForDeploymentPostprocessing = 0;
		};
		04BA3039248CDBB50042A1E1 /* Resources */ = {
			isa = PBXResourcesBuildPhase;
			buildActionMask = 2147483647;
			files = (
			);
			runOnlyForDeploymentPostprocessing = 0;
		};
/* End PBXResourcesBuildPhase section */

/* Begin PBXSourcesBuildPhase section */
		04BA3016248CDBB20042A1E1 /* Sources */ = {
			isa = PBXSourcesBuildPhase;
			buildActionMask = 2147483647;
			files = (
				044A978A24A2785300234890 /* Landmark.swift in Sources */,
				04BA301E248CDBB20042A1E1 /* AppDelegate.swift in Sources */,
				04C1337124A01998003242DF /* CircleImage.swift in Sources */,
				04C1337324A0FC79003242DF /* MapView.swift in Sources */,
				044A97AC24A6005700234890 /* LandmarkList.swift in Sources */,
				04C1337A24A203F3003242DF /* LandmarkDetail.swift in Sources */,
				04BA3020248CDBB20042A1E1 /* SceneDelegate.swift in Sources */,
				044A978F24A27CA800234890 /* LandmarkRow.swift in Sources */,
				044EAB2C24B602B20057AD77 /* userData.swift in Sources */,
				044A979024A281FD00234890 /* Data.swift in Sources */,
			);
			runOnlyForDeploymentPostprocessing = 0;
		};
		04BA302C248CDBB50042A1E1 /* Sources */ = {
			isa = PBXSourcesBuildPhase;
			buildActionMask = 2147483647;
			files = (
				04BA3035248CDBB50042A1E1 /* LandmarksTests.swift in Sources */,
			);
			runOnlyForDeploymentPostprocessing = 0;
		};
		04BA3037248CDBB50042A1E1 /* Sources */ = {
			isa = PBXSourcesBuildPhase;
			buildActionMask = 2147483647;
			files = (
				04BA3040248CDBB50042A1E1 /* LandmarksUITests.swift in Sources */,
			);
			runOnlyForDeploymentPostprocessing = 0;
		};
/* End PBXSourcesBuildPhase section */

/* Begin PBXTargetDependency section */
		04BA3032248CDBB50042A1E1 /* PBXTargetDependency */ = {
			isa = PBXTargetDependency;
			target = 04BA3019248CDBB20042A1E1 /* Landmarks */;
			targetProxy = 04BA3031248CDBB50042A1E1 /* PBXContainerItemProxy */;
		};
		04BA303D248CDBB50042A1E1 /* PBXTargetDependency */ = {
			isa = PBXTargetDependency;
			target = 04BA3019248CDBB20042A1E1 /* Landmarks */;
			targetProxy = 04BA303C248CDBB50042A1E1 /* PBXContainerItemProxy */;
		};
/* End PBXTargetDependency section */

/* Begin PBXVariantGroup section */
		04BA3028248CDBB40042A1E1 /* LaunchScreen.storyboard */ = {
			isa = PBXVariantGroup;
			children = (
				04BA3029248CDBB40042A1E1 /* Base */,
			);
			name = LaunchScreen.storyboard;
			sourceTree = "<group>";
		};
/* End PBXVariantGroup section */

/* Begin XCBuildConfiguration section */
		04BA3042248CDBB50042A1E1 /* Debug */ = {
			isa = XCBuildConfiguration;
			buildSettings = {
				ALWAYS_SEARCH_USER_PATHS = NO;
				CLANG_ANALYZER_NONNULL = YES;
				CLANG_ANALYZER_NUMBER_OBJECT_CONVERSION = YES_AGGRESSIVE;
				CLANG_CXX_LANGUAGE_STANDARD = "gnu++14";
				CLANG_CXX_LIBRARY = "libc++";
				CLANG_ENABLE_MODULES = YES;
				CLANG_ENABLE_OBJC_ARC = YES;
				CLANG_ENABLE_OBJC_WEAK = YES;
				CLANG_WARN_BLOCK_CAPTURE_AUTORELEASING = YES;
				CLANG_WARN_BOOL_CONVERSION = YES;
				CLANG_WARN_COMMA = YES;
				CLANG_WARN_CONSTANT_CONVERSION = YES;
				CLANG_WARN_DEPRECATED_OBJC_IMPLEMENTATIONS = YES;
				CLANG_WARN_DIRECT_OBJC_ISA_USAGE = YES_ERROR;
				CLANG_WARN_DOCUMENTATION_COMMENTS = YES;
				CLANG_WARN_EMPTY_BODY = YES;
				CLANG_WARN_ENUM_CONVERSION = YES;
				CLANG_WARN_INFINITE_RECURSION = YES;
				CLANG_WARN_INT_CONVERSION = YES;
				CLANG_WARN_NON_LITERAL_NULL_CONVERSION = YES;
				CLANG_WARN_OBJC_IMPLICIT_RETAIN_SELF = YES;
				CLANG_WARN_OBJC_LITERAL_CONVERSION = YES;
				CLANG_WARN_OBJC_ROOT_CLASS = YES_ERROR;
				CLANG_WARN_RANGE_LOOP_ANALYSIS = YES;
				CLANG_WARN_STRICT_PROTOTYPES = YES;
				CLANG_WARN_SUSPICIOUS_MOVE = YES;
				CLANG_WARN_UNGUARDED_AVAILABILITY = YES_AGGRESSIVE;
				CLANG_WARN_UNREACHABLE_CODE = YES;
				CLANG_WARN__DUPLICATE_METHOD_MATCH = YES;
				COPY_PHASE_STRIP = NO;
				DEBUG_INFORMATION_FORMAT = dwarf;
				ENABLE_STRICT_OBJC_MSGSEND = YES;
				ENABLE_TESTABILITY = YES;
				GCC_C_LANGUAGE_STANDARD = gnu11;
				GCC_DYNAMIC_NO_PIC = NO;
				GCC_NO_COMMON_BLOCKS = YES;
				GCC_OPTIMIZATION_LEVEL = 0;
				GCC_PREPROCESSOR_DEFINITIONS = (
					"DEBUG=1",
					"$(inherited)",
				);
				GCC_WARN_64_TO_32_BIT_CONVERSION = YES;
				GCC_WARN_ABOUT_RETURN_TYPE = YES_ERROR;
				GCC_WARN_UNDECLARED_SELECTOR = YES;
				GCC_WARN_UNINITIALIZED_AUTOS = YES_AGGRESSIVE;
				GCC_WARN_UNUSED_FUNCTION = YES;
				GCC_WARN_UNUSED_VARIABLE = YES;
				IPHONEOS_DEPLOYMENT_TARGET = 13.1;
				MTL_ENABLE_DEBUG_INFO = INCLUDE_SOURCE;
				MTL_FAST_MATH = YES;
				ONLY_ACTIVE_ARCH = YES;
				SDKROOT = iphoneos;
				SWIFT_ACTIVE_COMPILATION_CONDITIONS = DEBUG;
				SWIFT_OPTIMIZATION_LEVEL = "-Onone";
			};
			name = Debug;
		};
		04BA3043248CDBB50042A1E1 /* Release */ = {
			isa = XCBuildConfiguration;
			buildSettings = {
				ALWAYS_SEARCH_USER_PATHS = NO;
				CLANG_ANALYZER_NONNULL = YES;
				CLANG_ANALYZER_NUMBER_OBJECT_CONVERSION = YES_AGGRESSIVE;
				CLANG_CXX_LANGUAGE_STANDARD = "gnu++14";
				CLANG_CXX_LIBRARY = "libc++";
				CLANG_ENABLE_MODULES = YES;
				CLANG_ENABLE_OBJC_ARC = YES;
				CLANG_ENABLE_OBJC_WEAK = YES;
				CLANG_WARN_BLOCK_CAPTURE_AUTORELEASING = YES;
				CLANG_WARN_BOOL_CONVERSION = YES;
				CLANG_WARN_COMMA = YES;
				CLANG_WARN_CONSTANT_CONVERSION = YES;
				CLANG_WARN_DEPRECATED_OBJC_IMPLEMENTATIONS = YES;
				CLANG_WARN_DIRECT_OBJC_ISA_USAGE = YES_ERROR;
				CLANG_WARN_DOCUMENTATION_COMMENTS = YES;
				CLANG_WARN_EMPTY_BODY = YES;
				CLANG_WARN_ENUM_CONVERSION = YES;
				CLANG_WARN_INFINITE_RECURSION = YES;
				CLANG_WARN_INT_CONVERSION = YES;
				CLANG_WARN_NON_LITERAL_NULL_CONVERSION = YES;
				CLANG_WARN_OBJC_IMPLICIT_RETAIN_SELF = YES;
				CLANG_WARN_OBJC_LITERAL_CONVERSION = YES;
				CLANG_WARN_OBJC_ROOT_CLASS = YES_ERROR;
				CLANG_WARN_RANGE_LOOP_ANALYSIS = YES;
				CLANG_WARN_STRICT_PROTOTYPES = YES;
				CLANG_WARN_SUSPICIOUS_MOVE = YES;
				CLANG_WARN_UNGUARDED_AVAILABILITY = YES_AGGRESSIVE;
				CLANG_WARN_UNREACHABLE_CODE = YES;
				CLANG_WARN__DUPLICATE_METHOD_MATCH = YES;
				COPY_PHASE_STRIP = NO;
				DEBUG_INFORMATION_FORMAT = "dwarf-with-dsym";
				ENABLE_NS_ASSERTIONS = NO;
				ENABLE_STRICT_OBJC_MSGSEND = YES;
				GCC_C_LANGUAGE_STANDARD = gnu11;
				GCC_NO_COMMON_BLOCKS = YES;
				GCC_WARN_64_TO_32_BIT_CONVERSION = YES;
				GCC_WARN_ABOUT_RETURN_TYPE = YES_ERROR;
				GCC_WARN_UNDECLARED_SELECTOR = YES;
				GCC_WARN_UNINITIALIZED_AUTOS = YES_AGGRESSIVE;
				GCC_WARN_UNUSED_FUNCTION = YES;
				GCC_WARN_UNUSED_VARIABLE = YES;
				IPHONEOS_DEPLOYMENT_TARGET = 13.1;
				MTL_ENABLE_DEBUG_INFO = NO;
				MTL_FAST_MATH = YES;
				SDKROOT = iphoneos;
				SWIFT_COMPILATION_MODE = wholemodule;
				SWIFT_OPTIMIZATION_LEVEL = "-O";
				VALIDATE_PRODUCT = YES;
			};
			name = Release;
		};
		04BA3045248CDBB50042A1E1 /* Debug */ = {
			isa = XCBuildConfiguration;
			buildSettings = {
				ASSETCATALOG_COMPILER_APPICON_NAME = AppIcon;
				CODE_SIGN_STYLE = Automatic;
				DEVELOPMENT_ASSET_PATHS = "\"Landmarks/Preview Content\"";
				ENABLE_PREVIEWS = YES;
				INFOPLIST_FILE = Landmarks/Info.plist;
				LD_RUNPATH_SEARCH_PATHS = (
					"$(inherited)",
					"@executable_path/Frameworks",
				);
				PRODUCT_BUNDLE_IDENTIFIER = come.example.mopilo.Landmarks;
				PRODUCT_NAME = "$(TARGET_NAME)";
				SWIFT_VERSION = 5.0;
				TARGETED_DEVICE_FAMILY = "1,2";
			};
			name = Debug;
		};
		04BA3046248CDBB50042A1E1 /* Release */ = {
			isa = XCBuildConfiguration;
			buildSettings = {
				ASSETCATALOG_COMPILER_APPICON_NAME = AppIcon;
				CODE_SIGN_STYLE = Automatic;
				DEVELOPMENT_ASSET_PATHS = "\"Landmarks/Preview Content\"";
				ENABLE_PREVIEWS = YES;
				INFOPLIST_FILE = Landmarks/Info.plist;
				LD_RUNPATH_SEARCH_PATHS = (
					"$(inherited)",
					"@executable_path/Frameworks",
				);
				PRODUCT_BUNDLE_IDENTIFIER = come.example.mopilo.Landmarks;
				PRODUCT_NAME = "$(TARGET_NAME)";
				SWIFT_VERSION = 5.0;
				TARGETED_DEVICE_FAMILY = "1,2";
			};
			name = Release;
		};
		04BA3048248CDBB50042A1E1 /* Debug */ = {
			isa = XCBuildConfiguration;
			buildSettings = {
				ALWAYS_EMBED_SWIFT_STANDARD_LIBRARIES = YES;
				BUNDLE_LOADER = "$(TEST_HOST)";
				CODE_SIGN_STYLE = Automatic;
				INFOPLIST_FILE = LandmarksTests/Info.plist;
				IPHONEOS_DEPLOYMENT_TARGET = 13.1;
				LD_RUNPATH_SEARCH_PATHS = (
					"$(inherited)",
					"@executable_path/Frameworks",
					"@loader_path/Frameworks",
				);
				PRODUCT_BUNDLE_IDENTIFIER = come.example.mopilo.LandmarksTests;
				PRODUCT_NAME = "$(TARGET_NAME)";
				SWIFT_VERSION = 5.0;
				TARGETED_DEVICE_FAMILY = "1,2";
				TEST_HOST = "$(BUILT_PRODUCTS_DIR)/Landmarks.app/Landmarks";
			};
			name = Debug;
		};
		04BA3049248CDBB50042A1E1 /* Release */ = {
			isa = XCBuildConfiguration;
			buildSettings = {
				ALWAYS_EMBED_SWIFT_STANDARD_LIBRARIES = YES;
				BUNDLE_LOADER = "$(TEST_HOST)";
				CODE_SIGN_STYLE = Automatic;
				INFOPLIST_FILE = LandmarksTests/Info.plist;
				IPHONEOS_DEPLOYMENT_TARGET = 13.1;
				LD_RUNPATH_SEARCH_PATHS = (
					"$(inherited)",
					"@executable_path/Frameworks",
					"@loader_path/Frameworks",
				);
				PRODUCT_BUNDLE_IDENTIFIER = come.example.mopilo.LandmarksTests;
				PRODUCT_NAME = "$(TARGET_NAME)";
				SWIFT_VERSION = 5.0;
				TARGETED_DEVICE_FAMILY = "1,2";
				TEST_HOST = "$(BUILT_PRODUCTS_DIR)/Landmarks.app/Landmarks";
			};
			name = Release;
		};
		04BA304B248CDBB50042A1E1 /* Debug */ = {
			isa = XCBuildConfiguration;
			buildSettings = {
				ALWAYS_EMBED_SWIFT_STANDARD_LIBRARIES = YES;
				CODE_SIGN_STYLE = Automatic;
				INFOPLIST_FILE = LandmarksUITests/Info.plist;
				LD_RUNPATH_SEARCH_PATHS = (
					"$(inherited)",
					"@executable_path/Frameworks",
					"@loader_path/Frameworks",
				);
				PRODUCT_BUNDLE_IDENTIFIER = come.example.mopilo.LandmarksUITests;
				PRODUCT_NAME = "$(TARGET_NAME)";
				SWIFT_VERSION = 5.0;
				TARGETED_DEVICE_FAMILY = "1,2";
				TEST_TARGET_NAME = Landmarks;
			};
			name = Debug;
		};
		04BA304C248CDBB50042A1E1 /* Release */ = {
			isa = XCBuildConfiguration;
			buildSettings = {
				ALWAYS_EMBED_SWIFT_STANDARD_LIBRARIES = YES;
				CODE_SIGN_STYLE = Automatic;
				INFOPLIST_FILE = LandmarksUITests/Info.plist;
				LD_RUNPATH_SEARCH_PATHS = (
					"$(inherited)",
					"@executable_path/Frameworks",
					"@loader_path/Frameworks",
				);
				PRODUCT_BUNDLE_IDENTIFIER = come.example.mopilo.LandmarksUITests;
				PRODUCT_NAME = "$(TARGET_NAME)";
				SWIFT_VERSION = 5.0;
				TARGETED_DEVICE_FAMILY = "1,2";
				TEST_TARGET_NAME = Landmarks;
			};
			name = Release;
		};
/* End XCBuildConfiguration section */

/* Begin XCConfigurationList section */
		04BA3015248CDBB20042A1E1 /* Build configuration list for PBXProject "Landmarks" */ = {
			isa = XCConfigurationList;
			buildConfigurations = (
				04BA3042248CDBB50042A1E1 /* Debug */,
				04BA3043248CDBB50042A1E1 /* Release */,
			);
			defaultConfigurationIsVisible = 0;
			defaultConfigurationName = Release;
		};
		04BA3044248CDBB50042A1E1 /* Build configuration list for PBXNativeTarget "Landmarks" */ = {
			isa = XCConfigurationList;
			buildConfigurations = (
				04BA3045248CDBB50042A1E1 /* Debug */,
				04BA3046248CDBB50042A1E1 /* Release */,
			);
			defaultConfigurationIsVisible = 0;
			defaultConfigurationName = Release;
		};
		04BA3047248CDBB50042A1E1 /* Build configuration list for PBXNativeTarget "LandmarksTests" */ = {
			isa = XCConfigurationList;
			buildConfigurations = (
				04BA3048248CDBB50042A1E1 /* Debug */,
				04BA3049248CDBB50042A1E1 /* Release */,
			);
			defaultConfigurationIsVisible = 0;
			defaultConfigurationName = Release;
		};
		04BA304A248CDBB50042A1E1 /* Build configuration list for PBXNativeTarget "LandmarksUITests" */ = {
			isa = XCConfigurationList;
			buildConfigurations = (
				04BA304B248CDBB50042A1E1 /* Debug */,
				04BA304C248CDBB50042A1E1 /* Release */,
			);
			defaultConfigurationIsVisible = 0;
			defaultConfigurationName = Release;
		};
/* End XCConfigurationList section */
	};
	rootObject = 04BA3012248CDBB20042A1E1 /* Project object */;
}
